
Microsoft Visual Studio Solution File, Format Version 12.00
# Visual Studio Version 16
VisualStudioVersion = 16.0.29324.140
MinimumVisualStudioVersion = 10.0.40219.1
Project("{FAE04EC0-301F-11D3-BF4B-00C04F79EFBC}") = "SharpQuery", "SharpQuery\SharpQuery.csproj", "{801A63E1-F8BE-4665-B46C-638AF9F4C210}"
EndProject
Project("{FAE04EC0-301F-11D3-BF4B-00C04F79EFBC}") = "SharpQuery.Tests", "SharpQuery.Tests\SharpQuery.Tests.csproj", "{5E92B8AC-5DD9-4E0E-AD28-0F12AE28EB29}"
EndProject
Global
	GlobalSection(SolutionConfigurationPlatforms) = preSolution
		Debug|Any CPU = Debug|Any CPU
		Release|Any CPU = Release|Any CPU
	EndGlobalSection
	GlobalSection(ProjectConfigurationPlatforms) = postSolution
		{801A63E1-F8BE-4665-B46C-638AF9F4C210}.Debug|Any CPU.ActiveCfg = Debug|Any CPU
		{801A63E1-F8BE-4665-B46C-638AF9F4C210}.Debug|Any CPU.Build.0 = Debug|Any CPU
		{801A63E1-F8BE-4665-B46C-638AF9F4C210}.Release|Any CPU.ActiveCfg = Release|Any CPU
		{801A63E1-F8BE-4665-B46C-638AF9F4C210}.Release|Any CPU.Build.0 = Release|Any CPU
		{5E92B8AC-5DD9-4E0E-AD28-0F12AE28EB29}.Debug|Any CPU.ActiveCfg = Debug|Any CPU
		{5E92B8AC-5DD9-4E0E-AD28-0F12AE28EB29}.Debug|Any CPU.Build.0 = Debug|Any CPU
		{5E92B8AC-5DD9-4E0E-AD28-0F12AE28EB29}.Release|Any CPU.ActiveCfg = Release|Any CPU
		{5E92B8AC-5DD9-4E0E-AD28-0F12AE28EB29}.Release|Any CPU.Build.0 = Release|Any CPU
	EndGlobalSection
	GlobalSection(SolutionProperties) = preSolution
		HideSolutionNode = FALSE
	EndGlobalSection
	GlobalSection(ExtensibilityGlobals) = postSolution
		SolutionGuid = {8455410A-6AC2-4D13-819B-A53A1132CCF5}
	EndGlobalSection
EndGlobal
